DEPENDENCIES
  custom_nfs
    path: .
    metadata: true

GRAPH
  compat_resource (12.14.7)
  custom_nfs (0.1.0)
    firewalld (~> 1.1.0)
    lvm (~> 3.0.0)
    nfs (~> 2.2.0)
  firewalld (1.1.1)
  line (0.6.3)
  lvm (3.0.0)
  nfs (2.2.11)
    line (>= 0.0.0)
    sysctl (>= 0.0.0)
  ohai (4.2.2)
    compat_resource (>= 12.14)
  sysctl (0.8.0)
    ohai (~> 4.0)
