DEPENDENCIES
  custom_nfs
    path: .
    metadata: true

GRAPH
  compat_resource (12.16.3)
  custom_nfs (0.1.1)
    firewalld (~> 1.1.0)
    lvm (~> 4.0.0)
    nfs (~> 2.3.0)
  firewalld (1.1.5)
  line (0.6.3)
  lvm (4.0.4)
  nfs (2.3.1)
    line (>= 0.0.0)
    sysctl (>= 0.0.0)
  ohai (4.2.3)
    compat_resource (>= 12.14.7)
  sysctl (0.8.1)
    ohai (>= 4.0)
